// !$*UTF8*$!
{
	archiveVersion = 1;
	classes = {
	};
	objectVersion = 48;
	objects = {

/* Begin PBXBuildFile section */
		AAC836901FE7705A00CF7829 /* AppDelegate.m in Sources */ = {isa = PBXBuildFile; fileRef = AAC8368F1FE7705A00CF7829 /* AppDelegate.m */; };
		AAC836931FE7705A00CF7829 /* ViewController.m in Sources */ = {isa = PBXBuildFile; fileRef = AAC836921FE7705A00CF7829 /* ViewController.m */; };
		AAC836961FE7705A00CF7829 /* Main.storyboard in Resources */ = {isa = PBXBuildFile; fileRef = AAC836941FE7705A00CF7829 /* Main.storyboard */; };
		AAC836991FE7705A00CF7829 /* WWCalView.xcdatamodeld in Sources */ = {isa = PBXBuildFile; fileRef = AAC836971FE7705A00CF7829 /* WWCalView.xcdatamodeld */; };
		AAC8369B1FE7705A00CF7829 /* Assets.xcassets in Resources */ = {isa = PBXBuildFile; fileRef = AAC8369A1FE7705A00CF7829 /* Assets.xcassets */; };
		AAC8369E1FE7705A00CF7829 /* LaunchScreen.storyboard in Resources */ = {isa = PBXBuildFile; fileRef = AAC8369C1FE7705A00CF7829 /* LaunchScreen.storyboard */; };
		AAC836A11FE7705A00CF7829 /* main.m in Sources */ = {isa = PBXBuildFile; fileRef = AAC836A01FE7705A00CF7829 /* main.m */; };
		AAC836AB1FE7705A00CF7829 /* WWCalViewTests.m in Sources */ = {isa = PBXBuildFile; fileRef = AAC836AA1FE7705A00CF7829 /* WWCalViewTests.m */; };
		AAC836B61FE7705A00CF7829 /* WWCalViewUITests.m in Sources */ = {isa = PBXBuildFile; fileRef = AAC836B51FE7705A00CF7829 /* WWCalViewUITests.m */; };
		AAC836C51FE7708200CF7829 /* WWCalVuew.m in Sources */ = {isa = PBXBuildFile; fileRef = AAC836C41FE7708200CF7829 /* WWCalVuew.m */; };
		AAC836C71FE7709100CF7829 /* WWCalVuew.xib in Resources */ = {isa = PBXBuildFile; fileRef = AAC836C61FE7709100CF7829 /* WWCalVuew.xib */; };
/* End PBXBuildFile section */

/* Begin PBXContainerItemProxy section */
		AAC836A71FE7705A00CF7829 /* PBXContainerItemProxy */ = {
			isa = PBXContainerItemProxy;
			containerPortal = AAC836831FE7705A00CF7829 /* Project object */;
			proxyType = 1;
			remoteGlobalIDString = AAC8368A1FE7705A00CF7829;
			remoteInfo = WWCalView;
		};
		AAC836B21FE7705A00CF7829 /* PBXContainerItemProxy */ = {
			isa = PBXContainerItemProxy;
			containerPortal = AAC836831FE7705A00CF7829 /* Project object */;
			proxyType = 1;
			remoteGlobalIDString = AAC8368A1FE7705A00CF7829;
			remoteInfo = WWCalView;
		};
/* End PBXContainerItemProxy section */

/* Begin PBXFileReference section */
		AAC8368B1FE7705A00CF7829 /* WWCalView.app */ = {isa = PBXFileReference; explicitFileType = wrapper.application; includeInIndex = 0; path = WWCalView.app; sourceTree = BUILT_PRODUCTS_DIR; };
		AAC8368E1FE7705A00CF7829 /* AppDelegate.h */ = {isa = PBXFileReference; lastKnownFileType = sourcecode.c.h; path = AppDelegate.h; sourceTree = "<group>"; };
		AAC8368F1FE7705A00CF7829 /* AppDelegate.m */ = {isa = PBXFileReference; lastKnownFileType = sourcecode.c.objc; path = AppDelegate.m; sourceTree = "<group>"; };
		AAC836911FE7705A00CF7829 /* ViewController.h */ = {isa = PBXFileReference; lastKnownFileType = sourcecode.c.h; path = ViewController.h; sourceTree = "<group>"; };
		AAC836921FE7705A00CF7829 /* ViewController.m */ = {isa = PBXFileReference; lastKnownFileType = sourcecode.c.objc; path = ViewController.m; sourceTree = "<group>"; };
		AAC836951FE7705A00CF7829 /* Base */ = {isa = PBXFileReference; lastKnownFileType = file.storyboard; name = Base; path = Base.lproj/Main.storyboard; sourceTree = "<group>"; };
		AAC836981FE7705A00CF7829 /* WWCalView.xcdatamodel */ = {isa = PBXFileReference; lastKnownFileType = wrapper.xcdatamodel; path = WWCalView.xcdatamodel; sourceTree = "<group>"; };
		AAC8369A1FE7705A00CF7829 /* Assets.xcassets */ = {isa = PBXFileReference; lastKnownFileType = folder.assetcatalog; path = Assets.xcassets; sourceTree = "<group>"; };
		AAC8369D1FE7705A00CF7829 /* Base */ = {isa = PBXFileReference; lastKnownFileType = file.storyboard; name = Base; path = Base.lproj/LaunchScreen.storyboard; sourceTree = "<group>"; };
		AAC8369F1FE7705A00CF7829 /* Info.plist */ = {isa = PBXFileReference; lastKnownFileType = text.plist.xml; path = Info.plist; sourceTree = "<group>"; };
		AAC836A01FE7705A00CF7829 /* main.m */ = {isa = PBXFileReference; lastKnownFileType = sourcecode.c.objc; path = main.m; sourceTree = "<group>"; };
		AAC836A61FE7705A00CF7829 /* WWCalViewTests.xctest */ = {isa = PBXFileReference; explicitFileType = wrapper.cfbundle; includeInIndex = 0; path = WWCalViewTests.xctest; sourceTree = BUILT_PRODUCTS_DIR; };
		AAC836AA1FE7705A00CF7829 /* WWCalViewTests.m */ = {isa = PBXFileReference; lastKnownFileType = sourcecode.c.objc; path = WWCalViewTests.m; sourceTree = "<group>"; };
		AAC836AC1FE7705A00CF7829 /* Info.plist */ = {isa = PBXFileReference; lastKnownFileType = text.plist.xml; path = Info.plist; sourceTree = "<group>"; };
		AAC836B11FE7705A00CF7829 /* WWCalViewUITests.xctest */ = {isa = PBXFileReference; explicitFileType = wrapper.cfbundle; includeInIndex = 0; path = WWCalViewUITests.xctest; sourceTree = BUILT_PRODUCTS_DIR; };
		AAC836B51FE7705A00CF7829 /* WWCalViewUITests.m */ = {isa = PBXFileReference; lastKnownFileType = sourcecode.c.objc; path = WWCalViewUITests.m; sourceTree = "<group>"; };
		AAC836B71FE7705A00CF7829 /* Info.plist */ = {isa = PBXFileReference; lastKnownFileType = text.plist.xml; path = Info.plist; sourceTree = "<group>"; };
		AAC836C31FE7708200CF7829 /* WWCalVuew.h */ = {isa = PBXFileReference; lastKnownFileType = sourcecode.c.h; path = WWCalVuew.h; sourceTree = "<group>"; };
		AAC836C41FE7708200CF7829 /* WWCalVuew.m */ = {isa = PBXFileReference; lastKnownFileType = sourcecode.c.objc; path = WWCalVuew.m; sourceTree = "<group>"; };
		AAC836C61FE7709100CF7829 /* WWCalVuew.xib */ = {isa = PBXFileReference; lastKnownFileType = file.xib; path = WWCalVuew.xib; sourceTree = "<group>"; };
/* End PBXFileReference section */

/* Begin PBXFrameworksBuildPhase section */
		AAC836881FE7705A00CF7829 /* Frameworks */ = {
			isa = PBXFrameworksBuildPhase;
			buildActionMask = 2147483647;
			files = (
			);
			runOnlyForDeploymentPostprocessing = 0;
		};
		AAC836A31FE7705A00CF7829 /* Frameworks */ = {
			isa = PBXFrameworksBuildPhase;
			buildActionMask = 2147483647;
			files = (
			);
			runOnlyForDeploymentPostprocessing = 0;
		};
		AAC836AE1FE7705A00CF7829 /* Frameworks */ = {
			isa = PBXFrameworksBuildPhase;
			buildActionMask = 2147483647;
			files = (
			);
			runOnlyForDeploymentPostprocessing = 0;
		};
/* End PBXFrameworksBuildPhase section */

/* Begin PBXGroup section */
		AAC836821FE7705A00CF7829 = {
			isa = PBXGroup;
			children = (
				AAC8368D1FE7705A00CF7829 /* WWCalView */,
				AAC836A91FE7705A00CF7829 /* WWCalViewTests */,
				AAC836B41FE7705A00CF7829 /* WWCalViewUITests */,
				AAC8368C1FE7705A00CF7829 /* Products */,
			);
			sourceTree = "<group>";
		};
		AAC8368C1FE7705A00CF7829 /* Products */ = {
			isa = PBXGroup;
			children = (
				AAC8368B1FE7705A00CF7829 /* WWCalView.app */,
				AAC836A61FE7705A00CF7829 /* WWCalViewTests.xctest */,
				AAC836B11FE7705A00CF7829 /* WWCalViewUITests.xctest */,
			);
			name = Products;
			sourceTree = "<group>";
		};
		AAC8368D1FE7705A00CF7829 /* WWCalView */ = {
			isa = PBXGroup;
			children = (
				AAC8368E1FE7705A00CF7829 /* AppDelegate.h */,
				AAC8368F1FE7705A00CF7829 /* AppDelegate.m */,
				AAC836911FE7705A00CF7829 /* ViewController.h */,
				AAC836921FE7705A00CF7829 /* ViewController.m */,
				AAC836C31FE7708200CF7829 /* WWCalVuew.h */,
				AAC836C41FE7708200CF7829 /* WWCalVuew.m */,
				AAC836C61FE7709100CF7829 /* WWCalVuew.xib */,
				AAC836941FE7705A00CF7829 /* Main.storyboard */,
				AAC8369A1FE7705A00CF7829 /* Assets.xcassets */,
				AAC8369C1FE7705A00CF7829 /* LaunchScreen.storyboard */,
				AAC8369F1FE7705A00CF7829 /* Info.plist */,
				AAC836A01FE7705A00CF7829 /* main.m */,
				AAC836971FE7705A00CF7829 /* WWCalView.xcdatamodeld */,
			);
			path = WWCalView;
			sourceTree = "<group>";
		};
		AAC836A91FE7705A00CF7829 /* WWCalViewTests */ = {
			isa = PBXGroup;
			children = (
				AAC836AA1FE7705A00CF7829 /* WWCalViewTests.m */,
				AAC836AC1FE7705A00CF7829 /* Info.plist */,
			);
			path = WWCalViewTests;
			sourceTree = "<group>";
		};
		AAC836B41FE7705A00CF7829 /* WWCalViewUITests */ = {
			isa = PBXGroup;
			children = (
				AAC836B51FE7705A00CF7829 /* WWCalViewUITests.m */,
				AAC836B71FE7705A00CF7829 /* Info.plist */,
			);
			path = WWCalViewUITests;
			sourceTree = "<group>";
		};
/* End PBXGroup section */

/* Begin PBXNativeTarget section */
		AAC8368A1FE7705A00CF7829 /* WWCalView */ = {
			isa = PBXNativeTarget;
			buildConfigurationList = AAC836BA1FE7705A00CF7829 /* Build configuration list for PBXNativeTarget "WWCalView" */;
			buildPhases = (
				AAC836871FE7705A00CF7829 /* Sources */,
				AAC836881FE7705A00CF7829 /* Frameworks */,
				AAC836891FE7705A00CF7829 /* Resources */,
			);
			buildRules = (
			);
			dependencies = (
			);
			name = WWCalView;
			productName = WWCalView;
			productReference = AAC8368B1FE7705A00CF7829 /* WWCalView.app */;
			productType = "com.apple.product-type.application";
		};
		AAC836A51FE7705A00CF7829 /* WWCalViewTests */ = {
			isa = PBXNativeTarget;
			buildConfigurationList = AAC836BD1FE7705A00CF7829 /* Build configuration list for PBXNativeTarget "WWCalViewTests" */;
			buildPhases = (
				AAC836A21FE7705A00CF7829 /* Sources */,
				AAC836A31FE7705A00CF7829 /* Frameworks */,
				AAC836A41FE7705A00CF7829 /* Resources */,
			);
			buildRules = (
			);
			dependencies = (
				AAC836A81FE7705A00CF7829 /* PBXTargetDependency */,
			);
			name = WWCalViewTests;
			productName = WWCalViewTests;
			productReference = AAC836A61FE7705A00CF7829 /* WWCalViewTests.xctest */;
			productType = "com.apple.product-type.bundle.unit-test";
		};
		AAC836B01FE7705A00CF7829 /* WWCalViewUITests */ = {
			isa = PBXNativeTarget;
			buildConfigurationList = AAC836C01FE7705A00CF7829 /* Build configuration list for PBXNativeTarget "WWCalViewUITests" */;
			buildPhases = (
				AAC836AD1FE7705A00CF7829 /* Sources */,
				AAC836AE1FE7705A00CF7829 /* Frameworks */,
				AAC836AF1FE7705A00CF7829 /* Resources */,
			);
			buildRules = (
			);
			dependencies = (
				AAC836B31FE7705A00CF7829 /* PBXTargetDependency */,
			);
			name = WWCalViewUITests;
			productName = WWCalViewUITests;
			productReference = AAC836B11FE7705A00CF7829 /* WWCalViewUITests.xctest */;
			productType = "com.apple.product-type.bundle.ui-testing";
		};
/* End PBXNativeTarget section */

/* Begin PBXProject section */
		AAC836831FE7705A00CF7829 /* Project object */ = {
			isa = PBXProject;
			attributes = {
				LastUpgradeCheck = 0910;
				ORGANIZATIONNAME = WWin;
				TargetAttributes = {
					AAC8368A1FE7705A00CF7829 = {
						CreatedOnToolsVersion = 9.1;
						ProvisioningStyle = Automatic;
					};
					AAC836A51FE7705A00CF7829 = {
						CreatedOnToolsVersion = 9.1;
						ProvisioningStyle = Automatic;
						TestTargetID = AAC8368A1FE7705A00CF7829;
					};
					AAC836B01FE7705A00CF7829 = {
						CreatedOnToolsVersion = 9.1;
						ProvisioningStyle = Automatic;
						TestTargetID = AAC8368A1FE7705A00CF7829;
					};
				};
			};
			buildConfigurationList = AAC836861FE7705A00CF7829 /* Build configuration list for PBXProject "WWCalView" */;
			compatibilityVersion = "Xcode 8.0";
			developmentRegion = en;
			hasScannedForEncodings = 0;
			knownRegions = (
				en,
				Base,
			);
			mainGroup = AAC836821FE7705A00CF7829;
			productRefGroup = AAC8368C1FE7705A00CF7829 /* Products */;
			projectDirPath = "";
			projectRoot = "";
			targets = (
				AAC8368A1FE7705A00CF7829 /* WWCalView */,
				AAC836A51FE7705A00CF7829 /* WWCalViewTests */,
				AAC836B01FE7705A00CF7829 /* WWCalViewUITests */,
			);
		};
/* End PBXProject section */

/* Begin PBXResourcesBuildPhase section */
		AAC836891FE7705A00CF7829 /* Resources */ = {
			isa = PBXResourcesBuildPhase;
			buildActionMask = 2147483647;
			files = (
				AAC8369E1FE7705A00CF7829 /* LaunchScreen.storyboard in Resources */,
				AAC8369B1FE7705A00CF7829 /* Assets.xcassets in Resources */,
				AAC836961FE7705A00CF7829 /* Main.storyboard in Resources */,
				AAC836C71FE7709100CF7829 /* WWCalVuew.xib in Resources */,
			);
			runOnlyForDeploymentPostprocessing = 0;
		};
		AAC836A41FE7705A00CF7829 /* Resources */ = {
			isa = PBXResourcesBuildPhase;
			buildActionMask = 2147483647;
			files = (
			);
			runOnlyForDeploymentPostprocessing = 0;
		};
		AAC836AF1FE7705A00CF7829 /* Resources */ = {
			isa = PBXResourcesBuildPhase;
			buildActionMask = 2147483647;
			files = (
			);
			runOnlyForDeploymentPostprocessing = 0;
		};
/* End PBXResourcesBuildPhase section */

/* Begin PBXSourcesBuildPhase section */
		AAC836871FE7705A00CF7829 /* Sources */ = {
			isa = PBXSourcesBuildPhase;
			buildActionMask = 2147483647;
			files = (
				AAC836991FE7705A00CF7829 /* WWCalView.xcdatamodeld in Sources */,
				AAC836931FE7705A00CF7829 /* ViewController.m in Sources */,
				AAC836A11FE7705A00CF7829 /* main.m in Sources */,
				AAC836901FE7705A00CF7829 /* AppDelegate.m in Sources */,
				AAC836C51FE7708200CF7829 /* WWCalVuew.m in Sources */,
			);
			runOnlyForDeploymentPostprocessing = 0;
		};
		AAC836A21FE7705A00CF7829 /* Sources */ = {
			isa = PBXSourcesBuildPhase;
			buildActionMask = 2147483647;
			files = (
				AAC836AB1FE7705A00CF7829 /* WWCalViewTests.m in Sources */,
			);
			runOnlyForDeploymentPostprocessing = 0;
		};
		AAC836AD1FE7705A00CF7829 /* Sources */ = {
			isa = PBXSourcesBuildPhase;
			buildActionMask = 2147483647;
			files = (
				AAC836B61FE7705A00CF7829 /* WWCalViewUITests.m in Sources */,
			);
			runOnlyForDeploymentPostprocessing = 0;
		};
/* End PBXSourcesBuildPhase section */

/* Begin PBXTargetDependency section */
		AAC836A81FE7705A00CF7829 /* PBXTargetDependency */ = {
			isa = PBXTargetDependency;
			target = AAC8368A1FE7705A00CF7829 /* WWCalView */;
			targetProxy = AAC836A71FE7705A00CF7829 /* PBXContainerItemProxy */;
		};
		AAC836B31FE7705A00CF7829 /* PBXTargetDependency */ = {
			isa = PBXTargetDependency;
			target = AAC8368A1FE7705A00CF7829 /* WWCalView */;
			targetProxy = AAC836B21FE7705A00CF7829 /* PBXContainerItemProxy */;
		};
/* End PBXTargetDependency section */

/* Begin PBXVariantGroup section */
		AAC836941FE7705A00CF7829 /* Main.storyboard */ = {
			isa = PBXVariantGroup;
			children = (
				AAC836951FE7705A00CF7829 /* Base */,
			);
			name = Main.storyboard;
			sourceTree = "<group>";
		};
		AAC8369C1FE7705A00CF7829 /* LaunchScreen.storyboard */ = {
			isa = PBXVariantGroup;
			children = (
				AAC8369D1FE7705A00CF7829 /* Base */,
			);
			name = LaunchScreen.storyboard;
			sourceTree = "<group>";
		};
/* End PBXVariantGroup section */

/* Begin XCBuildConfiguration section */
		AAC836B81FE7705A00CF7829 /* Debug */ = {
			isa = XCBuildConfiguration;
			buildSettings = {
				ALWAYS_SEARCH_USER_PATHS = NO;
				CLANG_ANALYZER_NONNULL = YES;
				CLANG_ANALYZER_NUMBER_OBJECT_CONVERSION = YES_AGGRESSIVE;
				CLANG_CXX_LANGUAGE_STANDARD = "gnu++14";
				CLANG_CXX_LIBRARY = "libc++";
				CLANG_ENABLE_MODULES = YES;
				CLANG_ENABLE_OBJC_ARC = YES;
				CLANG_WARN_BLOCK_CAPTURE_AUTORELEASING = YES;
				CLANG_WARN_BOOL_CONVERSION = YES;
				CLANG_WARN_COMMA = YES;
				CLANG_WARN_CONSTANT_CONVERSION = YES;
				CLANG_WARN_DIRECT_OBJC_ISA_USAGE = YES_ERROR;
				CLANG_WARN_DOCUMENTATION_COMMENTS = YES;
				CLANG_WARN_EMPTY_BODY = YES;
				CLANG_WARN_ENUM_CONVERSION = YES;
				CLANG_WARN_INFINITE_RECURSION = YES;
				CLANG_WARN_INT_CONVERSION = YES;
				CLANG_WARN_NON_LITERAL_NULL_CONVERSION = YES;
				CLANG_WARN_OBJC_LITERAL_CONVERSION = YES;
				CLANG_WARN_OBJC_ROOT_CLASS = YES_ERROR;
				CLANG_WARN_RANGE_LOOP_ANALYSIS = YES;
				CLANG_WARN_STRICT_PROTOTYPES = YES;
				CLANG_WARN_SUSPICIOUS_MOVE = YES;
				CLANG_WARN_UNGUARDED_AVAILABILITY = YES_AGGRESSIVE;
				CLANG_WARN_UNREACHABLE_CODE = YES;
				CLANG_WARN__DUPLICATE_METHOD_MATCH = YES;
				CODE_SIGN_IDENTITY = "iPhone Developer";
				COPY_PHASE_STRIP = NO;
				DEBUG_INFORMATION_FORMAT = dwarf;
				ENABLE_STRICT_OBJC_MSGSEND = YES;
				ENABLE_TESTABILITY = YES;
				GCC_C_LANGUAGE_STANDARD = gnu11;
				GCC_DYNAMIC_NO_PIC = NO;
				GCC_NO_COMMON_BLOCKS = YES;
				GCC_OPTIMIZATION_LEVEL = 0;
				GCC_PREPROCESSOR_DEFINITIONS = (
					"DEBUG=1",
					"$(inherited)",
				);
				GCC_WARN_64_TO_32_BIT_CONVERSION = YES;
				GCC_WARN_ABOUT_RETURN_TYPE = YES_ERROR;
				GCC_WARN_UNDECLARED_SELECTOR = YES;
				GCC_WARN_UNINITIALIZED_AUTOS = YES_AGGRESSIVE;
				GCC_WARN_UNUSED_FUNCTION = YES;
				GCC_WARN_UNUSED_VARIABLE = YES;
				IPHONEOS_DEPLOYMENT_TARGET = 11.1;
				MTL_ENABLE_DEBUG_INFO = YES;
				ONLY_ACTIVE_ARCH = YES;
				SDKROOT = iphoneos;
			};
			name = Debug;
		};
		AAC836B91FE7705A00CF7829 /* Release */ = {
			isa = XCBuildConfiguration;
			buildSettings = {
				ALWAYS_SEARCH_USER_PATHS = NO;
				CLANG_ANALYZER_NONNULL = YES;
				CLANG_ANALYZER_NUMBER_OBJECT_CONVERSION = YES_AGGRESSIVE;
				CLANG_CXX_LANGUAGE_STANDARD = "gnu++14";
				CLANG_CXX_LIBRARY = "libc++";
				CLANG_ENABLE_MODULES = YES;
				CLANG_ENABLE_OBJC_ARC = YES;
				CLANG_WARN_BLOCK_CAPTURE_AUTORELEASING = YES;
				CLANG_WARN_BOOL_CONVERSION = YES;
				CLANG_WARN_COMMA = YES;
				CLANG_WARN_CONSTANT_CONVERSION = YES;
				CLANG_WARN_DIRECT_OBJC_ISA_USAGE = YES_ERROR;
				CLANG_WARN_DOCUMENTATION_COMMENTS = YES;
				CLANG_WARN_EMPTY_BODY = YES;
				CLANG_WARN_ENUM_CONVERSION = YES;
				CLANG_WARN_INFINITE_RECURSION = YES;
				CLANG_WARN_INT_CONVERSION = YES;
				CLANG_WARN_NON_LITERAL_NULL_CONVERSION = YES;
				CLANG_WARN_OBJC_LITERAL_CONVERSION = YES;
				CLANG_WARN_OBJC_ROOT_CLASS = YES_ERROR;
				CLANG_WARN_RANGE_LOOP_ANALYSIS = YES;
				CLANG_WARN_STRICT_PROTOTYPES = YES;
				CLANG_WARN_SUSPICIOUS_MOVE = YES;
				CLANG_WARN_UNGUARDED_AVAILABILITY = YES_AGGRESSIVE;
				CLANG_WARN_UNREACHABLE_CODE = YES;
				CLANG_WARN__DUPLICATE_METHOD_MATCH = YES;
				CODE_SIGN_IDENTITY = "iPhone Developer";
				COPY_PHASE_STRIP = NO;
				DEBUG_INFORMATION_FORMAT = "dwarf-with-dsym";
				ENABLE_NS_ASSERTIONS = NO;
				ENABLE_STRICT_OBJC_MSGSEND = YES;
				GCC_C_LANGUAGE_STANDARD = gnu11;
				GCC_NO_COMMON_BLOCKS = YES;
				GCC_WARN_64_TO_32_BIT_CONVERSION = YES;
				GCC_WARN_ABOUT_RETURN_TYPE = YES_ERROR;
				GCC_WARN_UNDECLARED_SELECTOR = YES;
				GCC_WARN_UNINITIALIZED_AUTOS = YES_AGGRESSIVE;
				GCC_WARN_UNUSED_FUNCTION = YES;
				GCC_WARN_UNUSED_VARIABLE = YES;
				IPHONEOS_DEPLOYMENT_TARGET = 11.1;
				MTL_ENABLE_DEBUG_INFO = NO;
				SDKROOT = iphoneos;
				VALIDATE_PRODUCT = YES;
			};
			name = Release;
		};
		AAC836BB1FE7705A00CF7829 /* Debug */ = {
			isa = XCBuildConfiguration;
			buildSettings = {
				ASSETCATALOG_COMPILER_APPICON_NAME = AppIcon;
				CODE_SIGN_STYLE = Automatic;
				INFOPLIST_FILE = WWCalView/Info.plist;
				IPHONEOS_DEPLOYMENT_TARGET = 8.0;
				LD_RUNPATH_SEARCH_PATHS = "$(inherited) @executable_path/Frameworks";
				PRODUCT_BUNDLE_IDENTIFIER = WWin.WWCalView;
				PRODUCT_NAME = "$(TARGET_NAME)";
				TARGETED_DEVICE_FAMILY = "1,2";
			};
			name = Debug;
		};
		AAC836BC1FE7705A00CF7829 /* Release */ = {
			isa = XCBuildConfiguration;
			buildSettings = {
				ASSETCATALOG_COMPILER_APPICON_NAME = AppIcon;
				CODE_SIGN_STYLE = Automatic;
				INFOPLIST_FILE = WWCalView/Info.plist;
				IPHONEOS_DEPLOYMENT_TARGET = 8.0;
				LD_RUNPATH_SEARCH_PATHS = "$(inherited) @executable_path/Frameworks";
				PRODUCT_BUNDLE_IDENTIFIER = WWin.WWCalView;
				PRODUCT_NAME = "$(TARGET_NAME)";
				TARGETED_DEVICE_FAMILY = "1,2";
			};
			name = Release;
		};
		AAC836BE1FE7705A00CF7829 /* Debug */ = {
			isa = XCBuildConfiguration;
			buildSettings = {
				BUNDLE_LOADER = "$(TEST_HOST)";
				CODE_SIGN_STYLE = Automatic;
				INFOPLIST_FILE = WWCalViewTests/Info.plist;
				LD_RUNPATH_SEARCH_PATHS = "$(inherited) @executable_path/Frameworks @loader_path/Frameworks";
				PRODUCT_BUNDLE_IDENTIFIER = WWin.WWCalViewTests;
				PRODUCT_NAME = "$(TARGET_NAME)";
				TARGETED_DEVICE_FAMILY = "1,2";
				TEST_HOST = "$(BUILT_PRODUCTS_DIR)/WWCalView.app/WWCalView";
			};
			name = Debug;
		};
		AAC836BF1FE7705A00CF7829 /* Release */ = {
			isa = XCBuildConfiguration;
			buildSettings = {
				BUNDLE_LOADER = "$(TEST_HOST)";
				CODE_SIGN_STYLE = Automatic;
				INFOPLIST_FILE = WWCalViewTests/Info.plist;
				LD_RUNPATH_SEARCH_PATHS = "$(inherited) @executable_path/Frameworks @loader_path/Frameworks";
				PRODUCT_BUNDLE_IDENTIFIER = WWin.WWCalViewTests;
				PRODUCT_NAME = "$(TARGET_NAME)";
				TARGETED_DEVICE_FAMILY = "1,2";
				TEST_HOST = "$(BUILT_PRODUCTS_DIR)/WWCalView.app/WWCalView";
			};
			name = Release;
		};
		AAC836C11FE7705A00CF7829 /* Debug */ = {
			isa = XCBuildConfiguration;
			buildSettings = {
				CODE_SIGN_STYLE = Automatic;
				INFOPLIST_FILE = WWCalViewUITests/Info.plist;
				LD_RUNPATH_SEARCH_PATHS = "$(inherited) @executable_path/Frameworks @loader_path/Frameworks";
				PRODUCT_BUNDLE_IDENTIFIER = WWin.WWCalViewUITests;
				PRODUCT_NAME = "$(TARGET_NAME)";
				TARGETED_DEVICE_FAMILY = "1,2";
				TEST_TARGET_NAME = WWCalView;
			};
			name = Debug;
		};
		AAC836C21FE7705A00CF7829 /* Release */ = {
			isa = XCBuildConfiguration;
			buildSettings = {
				CODE_SIGN_STYLE = Automatic;
				INFOPLIST_FILE = WWCalViewUITests/Info.plist;
				LD_RUNPATH_SEARCH_PATHS = "$(inherited) @executable_path/Frameworks @loader_path/Frameworks";
				PRODUCT_BUNDLE_IDENTIFIER = WWin.WWCalViewUITests;
				PRODUCT_NAME = "$(TARGET_NAME)";
				TARGETED_DEVICE_FAMILY = "1,2";
				TEST_TARGET_NAME = WWCalView;
			};
			name = Release;
		};
/* End XCBuildConfiguration section */

/* Begin XCConfigurationList section */
		AAC836861FE7705A00CF7829 /* Build configuration list for PBXProject "WWCalView" */ = {
			isa = XCConfigurationList;
			buildConfigurations = (
				AAC836B81FE7705A00CF7829 /* Debug */,
				AAC836B91FE7705A00CF7829 /* Release */,
			);
			defaultConfigurationIsVisible = 0;
			defaultConfigurationName = Release;
		};
		AAC836BA1FE7705A00CF7829 /* Build configuration list for PBXNativeTarget "WWCalView" */ = {
			isa = XCConfigurationList;
			buildConfigurations = (
				AAC836BB1FE7705A00CF7829 /* Debug */,
				AAC836BC1FE7705A00CF7829 /* Release */,
			);
			defaultConfigurationIsVisible = 0;
			defaultConfigurationName = Release;
		};
		AAC836BD1FE7705A00CF7829 /* Build configuration list for PBXNativeTarget "WWCalViewTests" */ = {
			isa = XCConfigurationList;
			buildConfigurations = (
				AAC836BE1FE7705A00CF7829 /* Debug */,
				AAC836BF1FE7705A00CF7829 /* Release */,
			);
			defaultConfigurationIsVisible = 0;
			defaultConfigurationName = Release;
		};
		AAC836C01FE7705A00CF7829 /* Build configuration list for PBXNativeTarget "WWCalViewUITests" */ = {
			isa = XCConfigurationList;
			buildConfigurations = (
				AAC836C11FE7705A00CF7829 /* Debug */,
				AAC836C21FE7705A00CF7829 /* Release */,
			);
			defaultConfigurationIsVisible = 0;
			defaultConfigurationName = Release;
		};
/* End XCConfigurationList section */

/* Begin XCVersionGroup section */
		AAC836971FE7705A00CF7829 /* WWCalView.xcdatamodeld */ = {
			isa = XCVersionGroup;
			children = (
				AAC836981FE7705A00CF7829 /* WWCalView.xcdatamodel */,
			);
			currentVersion = AAC836981FE7705A00CF7829 /* WWCalView.xcdatamodel */;
			path = WWCalView.xcdatamodeld;
			sourceTree = "<group>";
			versionGroupType = wrapper.xcdatamodel;
		};
/* End XCVersionGroup section */
	};
	rootObject = AAC836831FE7705A00CF7829 /* Project object */;
}
